
Microsoft Visual Studio Solution File, Format Version 12.00
# Visual Studio 14
VisualStudioVersion = 14.0.25420.1
MinimumVisualStudioVersion = 10.0.40219.1
Project("{2150E333-8FDC-42A3-9474-1A3956D46DE8}") = "CMSExceptions", "CMSExceptions", "{18E8E259-090D-4201-B568-E10F3C58AB37}"
EndProject
Project("{2150E333-8FDC-42A3-9474-1A3956D46DE8}") = "Utilities", "Utilities", "{326CB464-D2B8-4A37-A371-90BBAA74CA26}"
EndProject
Project("{2150E333-8FDC-42A3-9474-1A3956D46DE8}") = "CMSBusinessLayer", "CMSBusinessLayer", "{4B883C43-47A2-4DF7-BF02-BF08DAD1EBDE}"
EndProject
Project("{2150E333-8FDC-42A3-9474-1A3956D46DE8}") = "CMSServices", "CMSServices", "{6B7576FA-B0F2-47EC-9590-0E86D7FC6E3E}"
EndProject
Project("{2150E333-8FDC-42A3-9474-1A3956D46DE8}") = "CMSDataLayer", "CMSDataLayer", "{B03B0C25-8471-4702-859D-07B4780ABD82}"
EndProject
Project("{2150E333-8FDC-42A3-9474-1A3956D46DE8}") = "Common", "Common", "{D43C2118-4487-4A2D-AF0F-2598D32765AA}"
EndProject
Project("{2150E333-8FDC-42A3-9474-1A3956D46DE8}") = "CMSWebAppMVC", "CMSWebAppMVC", "{B21CE3DE-D53A-4EC7-9852-C441BAAED27F}"
	ProjectSection(SolutionItems) = preProject
		ServiceLayer\Web.config = ServiceLayer\Web.config
		ServiceLayer\Web.Debug.config = ServiceLayer\Web.Debug.config
		ServiceLayer\Web.Release.config = ServiceLayer\Web.Release.config
	EndProjectSection
EndProject
Project("{FAE04EC0-301F-11D3-BF4B-00C04F79EFBC}") = "DataLayer", "DataLayer\DataLayer.csproj", "{EB648805-9D3B-483B-A75D-54B200F9B417}"
	ProjectSection(ProjectDependencies) = postProject
		{1B2A4D11-63E5-4C7B-8BE3-CE6322A4ED53} = {1B2A4D11-63E5-4C7B-8BE3-CE6322A4ED53}
	EndProjectSection
EndProject
Project("{FAE04EC0-301F-11D3-BF4B-00C04F79EFBC}") = "BusinessLayer", "BusinessLayer\BusinessLayer.csproj", "{01782AF5-2B25-47DE-B1D7-23CCFEBB0FB7}"
	ProjectSection(ProjectDependencies) = postProject
		{1B2A4D11-63E5-4C7B-8BE3-CE6322A4ED53} = {1B2A4D11-63E5-4C7B-8BE3-CE6322A4ED53}
		{64690864-C24F-40EE-AD22-29BEF0CF7B39} = {64690864-C24F-40EE-AD22-29BEF0CF7B39}
		{C43ED184-3B02-47D5-AF2D-767401AEE936} = {C43ED184-3B02-47D5-AF2D-767401AEE936}
	EndProjectSection
EndProject
Project("{FAE04EC0-301F-11D3-BF4B-00C04F79EFBC}") = "CustomerService", "ServiceLayer\CustomerService.csproj", "{4915D4BD-FC8F-4578-83EE-83F52EC3C820}"
EndProject
Project("{FAE04EC0-301F-11D3-BF4B-00C04F79EFBC}") = "CMSException", "Common\CMSExceptions\CMSException.csproj", "{C43ED184-3B02-47D5-AF2D-767401AEE936}"
EndProject
Project("{FAE04EC0-301F-11D3-BF4B-00C04F79EFBC}") = "CMSLogger", "Common\CMSLogger\CMSLogger.csproj", "{1B2A4D11-63E5-4C7B-8BE3-CE6322A4ED53}"
EndProject
Project("{FAE04EC0-301F-11D3-BF4B-00C04F79EFBC}") = "PhoneEmailValidator", "Common\PhoneEmailValidator\PhoneEmailValidator.csproj", "{64690864-C24F-40EE-AD22-29BEF0CF7B39}"
EndProject
Project("{FAE04EC0-301F-11D3-BF4B-00C04F79EFBC}") = "CMS_mvc", "MVC\CMS_mvc\CMS_mvc.csproj", "{0724A46E-0F64-4B3E-9037-71181B09C5CA}"
EndProject
Global
	GlobalSection(SolutionConfigurationPlatforms) = preSolution
		Debug|Any CPU = Debug|Any CPU
		Release|Any CPU = Release|Any CPU
	EndGlobalSection
	GlobalSection(ProjectConfigurationPlatforms) = postSolution
		{EB648805-9D3B-483B-A75D-54B200F9B417}.Debug|Any CPU.ActiveCfg = Debug|Any CPU
		{EB648805-9D3B-483B-A75D-54B200F9B417}.Debug|Any CPU.Build.0 = Debug|Any CPU
		{EB648805-9D3B-483B-A75D-54B200F9B417}.Release|Any CPU.ActiveCfg = Release|Any CPU
		{EB648805-9D3B-483B-A75D-54B200F9B417}.Release|Any CPU.Build.0 = Release|Any CPU
		{01782AF5-2B25-47DE-B1D7-23CCFEBB0FB7}.Debug|Any CPU.ActiveCfg = Debug|Any CPU
		{01782AF5-2B25-47DE-B1D7-23CCFEBB0FB7}.Debug|Any CPU.Build.0 = Debug|Any CPU
		{01782AF5-2B25-47DE-B1D7-23CCFEBB0FB7}.Release|Any CPU.ActiveCfg = Release|Any CPU
		{01782AF5-2B25-47DE-B1D7-23CCFEBB0FB7}.Release|Any CPU.Build.0 = Release|Any CPU
		{4915D4BD-FC8F-4578-83EE-83F52EC3C820}.Debug|Any CPU.ActiveCfg = Debug|Any CPU
		{4915D4BD-FC8F-4578-83EE-83F52EC3C820}.Debug|Any CPU.Build.0 = Debug|Any CPU
		{4915D4BD-FC8F-4578-83EE-83F52EC3C820}.Release|Any CPU.ActiveCfg = Release|Any CPU
		{4915D4BD-FC8F-4578-83EE-83F52EC3C820}.Release|Any CPU.Build.0 = Release|Any CPU
		{C43ED184-3B02-47D5-AF2D-767401AEE936}.Debug|Any CPU.ActiveCfg = Debug|Any CPU
		{C43ED184-3B02-47D5-AF2D-767401AEE936}.Debug|Any CPU.Build.0 = Debug|Any CPU
		{C43ED184-3B02-47D5-AF2D-767401AEE936}.Release|Any CPU.ActiveCfg = Release|Any CPU
		{C43ED184-3B02-47D5-AF2D-767401AEE936}.Release|Any CPU.Build.0 = Release|Any CPU
		{1B2A4D11-63E5-4C7B-8BE3-CE6322A4ED53}.Debug|Any CPU.ActiveCfg = Debug|Any CPU
		{1B2A4D11-63E5-4C7B-8BE3-CE6322A4ED53}.Debug|Any CPU.Build.0 = Debug|Any CPU
		{1B2A4D11-63E5-4C7B-8BE3-CE6322A4ED53}.Release|Any CPU.ActiveCfg = Release|Any CPU
		{1B2A4D11-63E5-4C7B-8BE3-CE6322A4ED53}.Release|Any CPU.Build.0 = Release|Any CPU
		{64690864-C24F-40EE-AD22-29BEF0CF7B39}.Debug|Any CPU.ActiveCfg = Debug|Any CPU
		{64690864-C24F-40EE-AD22-29BEF0CF7B39}.Debug|Any CPU.Build.0 = Debug|Any CPU
		{64690864-C24F-40EE-AD22-29BEF0CF7B39}.Release|Any CPU.ActiveCfg = Release|Any CPU
		{64690864-C24F-40EE-AD22-29BEF0CF7B39}.Release|Any CPU.Build.0 = Release|Any CPU
		{0724A46E-0F64-4B3E-9037-71181B09C5CA}.Debug|Any CPU.ActiveCfg = Debug|Any CPU
		{0724A46E-0F64-4B3E-9037-71181B09C5CA}.Debug|Any CPU.Build.0 = Debug|Any CPU
		{0724A46E-0F64-4B3E-9037-71181B09C5CA}.Release|Any CPU.ActiveCfg = Release|Any CPU
		{0724A46E-0F64-4B3E-9037-71181B09C5CA}.Release|Any CPU.Build.0 = Release|Any CPU
	EndGlobalSection
	GlobalSection(SolutionProperties) = preSolution
		HideSolutionNode = FALSE
	EndGlobalSection
	GlobalSection(NestedProjects) = preSolution
		{18E8E259-090D-4201-B568-E10F3C58AB37} = {D43C2118-4487-4A2D-AF0F-2598D32765AA}
		{326CB464-D2B8-4A37-A371-90BBAA74CA26} = {D43C2118-4487-4A2D-AF0F-2598D32765AA}
		{EB648805-9D3B-483B-A75D-54B200F9B417} = {B03B0C25-8471-4702-859D-07B4780ABD82}
		{01782AF5-2B25-47DE-B1D7-23CCFEBB0FB7} = {4B883C43-47A2-4DF7-BF02-BF08DAD1EBDE}
		{4915D4BD-FC8F-4578-83EE-83F52EC3C820} = {6B7576FA-B0F2-47EC-9590-0E86D7FC6E3E}
		{C43ED184-3B02-47D5-AF2D-767401AEE936} = {18E8E259-090D-4201-B568-E10F3C58AB37}
		{1B2A4D11-63E5-4C7B-8BE3-CE6322A4ED53} = {326CB464-D2B8-4A37-A371-90BBAA74CA26}
		{64690864-C24F-40EE-AD22-29BEF0CF7B39} = {326CB464-D2B8-4A37-A371-90BBAA74CA26}
		{0724A46E-0F64-4B3E-9037-71181B09C5CA} = {B21CE3DE-D53A-4EC7-9852-C441BAAED27F}
	EndGlobalSection
EndGlobal
